
Microsoft Visual Studio Solution File, Format Version 12.00
# Visual Studio 15
Project("{FAE04EC0-301F-11D3-BF4B-00C04F79EFBC}") = "Assembly-CSharp", "Assembly-CSharp.csproj", "{F1DE2C77-CE8F-E669-95C4-EF3CFF8FAC71}"
EndProject
Global
	GlobalSection(SolutionConfigurationPlatforms) = preSolution
		Debug|Any CPU = Debug|Any CPU
		Release|Any CPU = Release|Any CPU
	EndGlobalSection
	GlobalSection(ProjectConfigurationPlatforms) = postSolution
		{F1DE2C77-CE8F-E669-95C4-EF3CFF8FAC71}.Debug|Any CPU.ActiveCfg = Debug|Any CPU
		{F1DE2C77-CE8F-E669-95C4-EF3CFF8FAC71}.Debug|Any CPU.Build.0 = Debug|Any CPU
		{F1DE2C77-CE8F-E669-95C4-EF3CFF8FAC71}.Release|Any CPU.ActiveCfg = Release|Any CPU
		{F1DE2C77-CE8F-E669-95C4-EF3CFF8FAC71}.Release|Any CPU.Build.0 = Release|Any CPU
	EndGlobalSection
	GlobalSection(SolutionProperties) = preSolution
		HideSolutionNode = FALSE
	EndGlobalSection
<<<<<<< HEAD
=======
	GlobalSection(ExtensibilityGlobals) = postSolution
		SolutionGuid = {66ABF166-57BC-4C09-B01A-A7573857BA1D}
	EndGlobalSection
>>>>>>> remotes/origin/TextPanel
EndGlobal
